// !$*UTF8*$!
{
	archiveVersion = 1;
	classes = {
	};
	objectVersion = 55;
	objects = {

/* Begin PBXBuildFile section */
		184D21BA29A80E8E000EEBEE /* AppDelegate.swift in Sources */ = {isa = PBXBuildFile; fileRef = 184D21B929A80E8E000EEBEE /* AppDelegate.swift */; };
		184D21BC29A80E8E000EEBEE /* SceneDelegate.swift in Sources */ = {isa = PBXBuildFile; fileRef = 184D21BB29A80E8E000EEBEE /* SceneDelegate.swift */; };
		184D21BE29A80E8E000EEBEE /* ViewController.swift in Sources */ = {isa = PBXBuildFile; fileRef = 184D21BD29A80E8E000EEBEE /* ViewController.swift */; };
		184D21C129A80E8E000EEBEE /* Main.storyboard in Resources */ = {isa = PBXBuildFile; fileRef = 184D21BF29A80E8E000EEBEE /* Main.storyboard */; };
		184D21C329A80E98000EEBEE /* Assets.xcassets in Resources */ = {isa = PBXBuildFile; fileRef = 184D21C229A80E98000EEBEE /* Assets.xcassets */; };
		184D21C629A80E98000EEBEE /* LaunchScreen.storyboard in Resources */ = {isa = PBXBuildFile; fileRef = 184D21C429A80E98000EEBEE /* LaunchScreen.storyboard */; };
		184D21D129A80E98000EEBEE /* _9790601_VishnuGongati_NYCSchoolsTests.swift in Sources */ = {isa = PBXBuildFile; fileRef = 184D21D029A80E98000EEBEE /* _9790601_VishnuGongati_NYCSchoolsTests.swift */; };
		184D21DB29A80E98000EEBEE /* _9790601_VishnuGongati_NYCSchoolsUITests.swift in Sources */ = {isa = PBXBuildFile; fileRef = 184D21DA29A80E98000EEBEE /* _9790601_VishnuGongati_NYCSchoolsUITests.swift */; };
		184D21DD29A80E98000EEBEE /* _9790601_VishnuGongati_NYCSchoolsUITestsLaunchTests.swift in Sources */ = {isa = PBXBuildFile; fileRef = 184D21DC29A80E98000EEBEE /* _9790601_VishnuGongati_NYCSchoolsUITestsLaunchTests.swift */; };
/* End PBXBuildFile section */

/* Begin PBXContainerItemProxy section */
		184D21CD29A80E98000EEBEE /* PBXContainerItemProxy */ = {
			isa = PBXContainerItemProxy;
			containerPortal = 184D21AE29A80E8E000EEBEE /* Project object */;
			proxyType = 1;
			remoteGlobalIDString = 184D21B529A80E8E000EEBEE;
			remoteInfo = "19790601-VishnuGongati-NYCSchools";
		};
		184D21D729A80E98000EEBEE /* PBXContainerItemProxy */ = {
			isa = PBXContainerItemProxy;
			containerPortal = 184D21AE29A80E8E000EEBEE /* Project object */;
			proxyType = 1;
			remoteGlobalIDString = 184D21B529A80E8E000EEBEE;
			remoteInfo = "19790601-VishnuGongati-NYCSchools";
		};
/* End PBXContainerItemProxy section */

/* Begin PBXFileReference section */
		184D21B629A80E8E000EEBEE /* 19790601-VishnuGongati-NYCSchools.app */ = {isa = PBXFileReference; explicitFileType = wrapper.application; includeInIndex = 0; path = "19790601-VishnuGongati-NYCSchools.app"; sourceTree = BUILT_PRODUCTS_DIR; };
		184D21B929A80E8E000EEBEE /* AppDelegate.swift */ = {isa = PBXFileReference; lastKnownFileType = sourcecode.swift; path = AppDelegate.swift; sourceTree = "<group>"; };
		184D21BB29A80E8E000EEBEE /* SceneDelegate.swift */ = {isa = PBXFileReference; lastKnownFileType = sourcecode.swift; path = SceneDelegate.swift; sourceTree = "<group>"; };
		184D21BD29A80E8E000EEBEE /* ViewController.swift */ = {isa = PBXFileReference; lastKnownFileType = sourcecode.swift; path = ViewController.swift; sourceTree = "<group>"; };
		184D21C029A80E8E000EEBEE /* Base */ = {isa = PBXFileReference; lastKnownFileType = file.storyboard; name = Base; path = Base.lproj/Main.storyboard; sourceTree = "<group>"; };
		184D21C229A80E98000EEBEE /* Assets.xcassets */ = {isa = PBXFileReference; lastKnownFileType = folder.assetcatalog; path = Assets.xcassets; sourceTree = "<group>"; };
		184D21C529A80E98000EEBEE /* Base */ = {isa = PBXFileReference; lastKnownFileType = file.storyboard; name = Base; path = Base.lproj/LaunchScreen.storyboard; sourceTree = "<group>"; };
		184D21C729A80E98000EEBEE /* Info.plist */ = {isa = PBXFileReference; lastKnownFileType = text.plist.xml; path = Info.plist; sourceTree = "<group>"; };
		184D21CC29A80E98000EEBEE /* 19790601-VishnuGongati-NYCSchoolsTests.xctest */ = {isa = PBXFileReference; explicitFileType = wrapper.cfbundle; includeInIndex = 0; path = "19790601-VishnuGongati-NYCSchoolsTests.xctest"; sourceTree = BUILT_PRODUCTS_DIR; };
		184D21D029A80E98000EEBEE /* _9790601_VishnuGongati_NYCSchoolsTests.swift */ = {isa = PBXFileReference; lastKnownFileType = sourcecode.swift; path = _9790601_VishnuGongati_NYCSchoolsTests.swift; sourceTree = "<group>"; };
		184D21D629A80E98000EEBEE /* 19790601-VishnuGongati-NYCSchoolsUITests.xctest */ = {isa = PBXFileReference; explicitFileType = wrapper.cfbundle; includeInIndex = 0; path = "19790601-VishnuGongati-NYCSchoolsUITests.xctest"; sourceTree = BUILT_PRODUCTS_DIR; };
		184D21DA29A80E98000EEBEE /* _9790601_VishnuGongati_NYCSchoolsUITests.swift */ = {isa = PBXFileReference; lastKnownFileType = sourcecode.swift; path = _9790601_VishnuGongati_NYCSchoolsUITests.swift; sourceTree = "<group>"; };
		184D21DC29A80E98000EEBEE /* _9790601_VishnuGongati_NYCSchoolsUITestsLaunchTests.swift */ = {isa = PBXFileReference; lastKnownFileType = sourcecode.swift; path = _9790601_VishnuGongati_NYCSchoolsUITestsLaunchTests.swift; sourceTree = "<group>"; };
/* End PBXFileReference section */

/* Begin PBXFrameworksBuildPhase section */
		184D21B329A80E8E000EEBEE /* Frameworks */ = {
			isa = PBXFrameworksBuildPhase;
			buildActionMask = 2147483647;
			files = (
			);
			runOnlyForDeploymentPostprocessing = 0;
		};
		184D21C929A80E98000EEBEE /* Frameworks */ = {
			isa = PBXFrameworksBuildPhase;
			buildActionMask = 2147483647;
			files = (
			);
			runOnlyForDeploymentPostprocessing = 0;
		};
		184D21D329A80E98000EEBEE /* Frameworks */ = {
			isa = PBXFrameworksBuildPhase;
			buildActionMask = 2147483647;
			files = (
			);
			runOnlyForDeploymentPostprocessing = 0;
		};
/* End PBXFrameworksBuildPhase section */

/* Begin PBXGroup section */
		184D21AD29A80E8E000EEBEE = {
			isa = PBXGroup;
			children = (
				184D21B829A80E8E000EEBEE /* 19790601-VishnuGongati-NYCSchools */,
				184D21CF29A80E98000EEBEE /* 19790601-VishnuGongati-NYCSchoolsTests */,
				184D21D929A80E98000EEBEE /* 19790601-VishnuGongati-NYCSchoolsUITests */,
				184D21B729A80E8E000EEBEE /* Products */,
			);
			sourceTree = "<group>";
		};
		184D21B729A80E8E000EEBEE /* Products */ = {
			isa = PBXGroup;
			children = (
				184D21B629A80E8E000EEBEE /* 19790601-VishnuGongati-NYCSchools.app */,
				184D21CC29A80E98000EEBEE /* 19790601-VishnuGongati-NYCSchoolsTests.xctest */,
				184D21D629A80E98000EEBEE /* 19790601-VishnuGongati-NYCSchoolsUITests.xctest */,
			);
			name = Products;
			sourceTree = "<group>";
		};
		184D21B829A80E8E000EEBEE /* 19790601-VishnuGongati-NYCSchools */ = {
			isa = PBXGroup;
			children = (
				184D21B929A80E8E000EEBEE /* AppDelegate.swift */,
				184D21BB29A80E8E000EEBEE /* SceneDelegate.swift */,
				184D21BD29A80E8E000EEBEE /* ViewController.swift */,
				184D21BF29A80E8E000EEBEE /* Main.storyboard */,
				184D21C229A80E98000EEBEE /* Assets.xcassets */,
				184D21C429A80E98000EEBEE /* LaunchScreen.storyboard */,
				184D21C729A80E98000EEBEE /* Info.plist */,
			);
			path = "19790601-VishnuGongati-NYCSchools";
			sourceTree = "<group>";
		};
		184D21CF29A80E98000EEBEE /* 19790601-VishnuGongati-NYCSchoolsTests */ = {
			isa = PBXGroup;
			children = (
				184D21D029A80E98000EEBEE /* _9790601_VishnuGongati_NYCSchoolsTests.swift */,
			);
			path = "19790601-VishnuGongati-NYCSchoolsTests";
			sourceTree = "<group>";
		};
		184D21D929A80E98000EEBEE /* 19790601-VishnuGongati-NYCSchoolsUITests */ = {
			isa = PBXGroup;
			children = (
				184D21DA29A80E98000EEBEE /* _9790601_VishnuGongati_NYCSchoolsUITests.swift */,
				184D21DC29A80E98000EEBEE /* _9790601_VishnuGongati_NYCSchoolsUITestsLaunchTests.swift */,
			);
			path = "19790601-VishnuGongati-NYCSchoolsUITests";
			sourceTree = "<group>";
		};
/* End PBXGroup section */

/* Begin PBXNativeTarget section */
		184D21B529A80E8E000EEBEE /* 19790601-VishnuGongati-NYCSchools */ = {
			isa = PBXNativeTarget;
			buildConfigurationList = 184D21E029A80E98000EEBEE /* Build configuration list for PBXNativeTarget "19790601-VishnuGongati-NYCSchools" */;
			buildPhases = (
				184D21B229A80E8E000EEBEE /* Sources */,
				184D21B329A80E8E000EEBEE /* Frameworks */,
				184D21B429A80E8E000EEBEE /* Resources */,
			);
			buildRules = (
			);
			dependencies = (
			);
			name = "19790601-VishnuGongati-NYCSchools";
			productName = "19790601-VishnuGongati-NYCSchools";
			productReference = 184D21B629A80E8E000EEBEE /* 19790601-VishnuGongati-NYCSchools.app */;
			productType = "com.apple.product-type.application";
		};
		184D21CB29A80E98000EEBEE /* 19790601-VishnuGongati-NYCSchoolsTests */ = {
			isa = PBXNativeTarget;
			buildConfigurationList = 184D21E329A80E98000EEBEE /* Build configuration list for PBXNativeTarget "19790601-VishnuGongati-NYCSchoolsTests" */;
			buildPhases = (
				184D21C829A80E98000EEBEE /* Sources */,
				184D21C929A80E98000EEBEE /* Frameworks */,
				184D21CA29A80E98000EEBEE /* Resources */,
			);
			buildRules = (
			);
			dependencies = (
				184D21CE29A80E98000EEBEE /* PBXTargetDependency */,
			);
			name = "19790601-VishnuGongati-NYCSchoolsTests";
			productName = "19790601-VishnuGongati-NYCSchoolsTests";
			productReference = 184D21CC29A80E98000EEBEE /* 19790601-VishnuGongati-NYCSchoolsTests.xctest */;
			productType = "com.apple.product-type.bundle.unit-test";
		};
		184D21D529A80E98000EEBEE /* 19790601-VishnuGongati-NYCSchoolsUITests */ = {
			isa = PBXNativeTarget;
			buildConfigurationList = 184D21E629A80E98000EEBEE /* Build configuration list for PBXNativeTarget "19790601-VishnuGongati-NYCSchoolsUITests" */;
			buildPhases = (
				184D21D229A80E98000EEBEE /* Sources */,
				184D21D329A80E98000EEBEE /* Frameworks */,
				184D21D429A80E98000EEBEE /* Resources */,
			);
			buildRules = (
			);
			dependencies = (
				184D21D829A80E98000EEBEE /* PBXTargetDependency */,
			);
			name = "19790601-VishnuGongati-NYCSchoolsUITests";
			productName = "19790601-VishnuGongati-NYCSchoolsUITests";
			productReference = 184D21D629A80E98000EEBEE /* 19790601-VishnuGongati-NYCSchoolsUITests.xctest */;
			productType = "com.apple.product-type.bundle.ui-testing";
		};
/* End PBXNativeTarget section */

/* Begin PBXProject section */
		184D21AE29A80E8E000EEBEE /* Project object */ = {
			isa = PBXProject;
			attributes = {
				BuildIndependentTargetsInParallel = 1;
				LastSwiftUpdateCheck = 1340;
				LastUpgradeCheck = 1340;
				TargetAttributes = {
					184D21B529A80E8E000EEBEE = {
						CreatedOnToolsVersion = 13.4;
					};
					184D21CB29A80E98000EEBEE = {
						CreatedOnToolsVersion = 13.4;
						TestTargetID = 184D21B529A80E8E000EEBEE;
					};
					184D21D529A80E98000EEBEE = {
						CreatedOnToolsVersion = 13.4;
						TestTargetID = 184D21B529A80E8E000EEBEE;
					};
				};
			};
			buildConfigurationList = 184D21B129A80E8E000EEBEE /* Build configuration list for PBXProject "19790601-VishnuGongati-NYCSchools" */;
			compatibilityVersion = "Xcode 13.0";
			developmentRegion = en;
			hasScannedForEncodings = 0;
			knownRegions = (
				en,
				Base,
			);
			mainGroup = 184D21AD29A80E8E000EEBEE;
			productRefGroup = 184D21B729A80E8E000EEBEE /* Products */;
			projectDirPath = "";
			projectRoot = "";
			targets = (
				184D21B529A80E8E000EEBEE /* 19790601-VishnuGongati-NYCSchools */,
				184D21CB29A80E98000EEBEE /* 19790601-VishnuGongati-NYCSchoolsTests */,
				184D21D529A80E98000EEBEE /* 19790601-VishnuGongati-NYCSchoolsUITests */,
			);
		};
/* End PBXProject section */

/* Begin PBXResourcesBuildPhase section */
		184D21B429A80E8E000EEBEE /* Resources */ = {
			isa = PBXResourcesBuildPhase;
			buildActionMask = 2147483647;
			files = (
				184D21C629A80E98000EEBEE /* LaunchScreen.storyboard in Resources */,
				184D21C329A80E98000EEBEE /* Assets.xcassets in Resources */,
				184D21C129A80E8E000EEBEE /* Main.storyboard in Resources */,
			);
			runOnlyForDeploymentPostprocessing = 0;
		};
		184D21CA29A80E98000EEBEE /* Resources */ = {
			isa = PBXResourcesBuildPhase;
			buildActionMask = 2147483647;
			files = (
			);
			runOnlyForDeploymentPostprocessing = 0;
		};
		184D21D429A80E98000EEBEE /* Resources */ = {
			isa = PBXResourcesBuildPhase;
			buildActionMask = 2147483647;
			files = (
			);
			runOnlyForDeploymentPostprocessing = 0;
		};
/* End PBXResourcesBuildPhase section */

/* Begin PBXSourcesBuildPhase section */
		184D21B229A80E8E000EEBEE /* Sources */ = {
			isa = PBXSourcesBuildPhase;
			buildActionMask = 2147483647;
			files = (
				184D21BE29A80E8E000EEBEE /* ViewController.swift in Sources */,
				184D21BA29A80E8E000EEBEE /* AppDelegate.swift in Sources */,
				184D21BC29A80E8E000EEBEE /* SceneDelegate.swift in Sources */,
			);
			runOnlyForDeploymentPostprocessing = 0;
		};
		184D21C829A80E98000EEBEE /* Sources */ = {
			isa = PBXSourcesBuildPhase;
			buildActionMask = 2147483647;
			files = (
				184D21D129A80E98000EEBEE /* _9790601_VishnuGongati_NYCSchoolsTests.swift in Sources */,
			);
			runOnlyForDeploymentPostprocessing = 0;
		};
		184D21D229A80E98000EEBEE /* Sources */ = {
			isa = PBXSourcesBuildPhase;
			buildActionMask = 2147483647;
			files = (
				184D21DB29A80E98000EEBEE /* _9790601_VishnuGongati_NYCSchoolsUITests.swift in Sources */,
				184D21DD29A80E98000EEBEE /* _9790601_VishnuGongati_NYCSchoolsUITestsLaunchTests.swift in Sources */,
			);
			runOnlyForDeploymentPostprocessing = 0;
		};
/* End PBXSourcesBuildPhase section */

/* Begin PBXTargetDependency section */
		184D21CE29A80E98000EEBEE /* PBXTargetDependency */ = {
			isa = PBXTargetDependency;
			target = 184D21B529A80E8E000EEBEE /* 19790601-VishnuGongati-NYCSchools */;
			targetProxy = 184D21CD29A80E98000EEBEE /* PBXContainerItemProxy */;
		};
		184D21D829A80E98000EEBEE /* PBXTargetDependency */ = {
			isa = PBXTargetDependency;
			target = 184D21B529A80E8E000EEBEE /* 19790601-VishnuGongati-NYCSchools */;
			targetProxy = 184D21D729A80E98000EEBEE /* PBXContainerItemProxy */;
		};
/* End PBXTargetDependency section */

/* Begin PBXVariantGroup section */
		184D21BF29A80E8E000EEBEE /* Main.storyboard */ = {
			isa = PBXVariantGroup;
			children = (
				184D21C029A80E8E000EEBEE /* Base */,
			);
			name = Main.storyboard;
			sourceTree = "<group>";
		};
		184D21C429A80E98000EEBEE /* LaunchScreen.storyboard */ = {
			isa = PBXVariantGroup;
			children = (
				184D21C529A80E98000EEBEE /* Base */,
			);
			name = LaunchScreen.storyboard;
			sourceTree = "<group>";
		};
/* End PBXVariantGroup section */

/* Begin XCBuildConfiguration section */
		184D21DE29A80E98000EEBEE /* Debug */ = {
			isa = XCBuildConfiguration;
			buildSettings = {
				ALWAYS_SEARCH_USER_PATHS = NO;
				CLANG_ANALYZER_NONNULL = YES;
				CLANG_ANALYZER_NUMBER_OBJECT_CONVERSION = YES_AGGRESSIVE;
				CLANG_CXX_LANGUAGE_STANDARD = "gnu++17";
				CLANG_ENABLE_MODULES = YES;
				CLANG_ENABLE_OBJC_ARC = YES;
				CLANG_ENABLE_OBJC_WEAK = YES;
				CLANG_WARN_BLOCK_CAPTURE_AUTORELEASING = YES;
				CLANG_WARN_BOOL_CONVERSION = YES;
				CLANG_WARN_COMMA = YES;
				CLANG_WARN_CONSTANT_CONVERSION = YES;
				CLANG_WARN_DEPRECATED_OBJC_IMPLEMENTATIONS = YES;
				CLANG_WARN_DIRECT_OBJC_ISA_USAGE = YES_ERROR;
				CLANG_WARN_DOCUMENTATION_COMMENTS = YES;
				CLANG_WARN_EMPTY_BODY = YES;
				CLANG_WARN_ENUM_CONVERSION = YES;
				CLANG_WARN_INFINITE_RECURSION = YES;
				CLANG_WARN_INT_CONVERSION = YES;
				CLANG_WARN_NON_LITERAL_NULL_CONVERSION = YES;
				CLANG_WARN_OBJC_IMPLICIT_RETAIN_SELF = YES;
				CLANG_WARN_OBJC_LITERAL_CONVERSION = YES;
				CLANG_WARN_OBJC_ROOT_CLASS = YES_ERROR;
				CLANG_WARN_QUOTED_INCLUDE_IN_FRAMEWORK_HEADER = YES;
				CLANG_WARN_RANGE_LOOP_ANALYSIS = YES;
				CLANG_WARN_STRICT_PROTOTYPES = YES;
				CLANG_WARN_SUSPICIOUS_MOVE = YES;
				CLANG_WARN_UNGUARDED_AVAILABILITY = YES_AGGRESSIVE;
				CLANG_WARN_UNREACHABLE_CODE = YES;
				CLANG_WARN__DUPLICATE_METHOD_MATCH = YES;
				COPY_PHASE_STRIP = NO;
				DEBUG_INFORMATION_FORMAT = dwarf;
				ENABLE_STRICT_OBJC_MSGSEND = YES;
				ENABLE_TESTABILITY = YES;
				GCC_C_LANGUAGE_STANDARD = gnu11;
				GCC_DYNAMIC_NO_PIC = NO;
				GCC_NO_COMMON_BLOCKS = YES;
				GCC_OPTIMIZATION_LEVEL = 0;
				GCC_PREPROCESSOR_DEFINITIONS = (
					"DEBUG=1",
					"$(inherited)",
				);
				GCC_WARN_64_TO_32_BIT_CONVERSION = YES;
				GCC_WARN_ABOUT_RETURN_TYPE = YES_ERROR;
				GCC_WARN_UNDECLARED_SELECTOR = YES;
				GCC_WARN_UNINITIALIZED_AUTOS = YES_AGGRESSIVE;
				GCC_WARN_UNUSED_FUNCTION = YES;
				GCC_WARN_UNUSED_VARIABLE = YES;
				IPHONEOS_DEPLOYMENT_TARGET = 15.5;
				MTL_ENABLE_DEBUG_INFO = INCLUDE_SOURCE;
				MTL_FAST_MATH = YES;
				ONLY_ACTIVE_ARCH = YES;
				SDKROOT = iphoneos;
				SWIFT_ACTIVE_COMPILATION_CONDITIONS = DEBUG;
				SWIFT_OPTIMIZATION_LEVEL = "-Onone";
			};
			name = Debug;
		};
		184D21DF29A80E98000EEBEE /* Release */ = {
			isa = XCBuildConfiguration;
			buildSettings = {
				ALWAYS_SEARCH_USER_PATHS = NO;
				CLANG_ANALYZER_NONNULL = YES;
				CLANG_ANALYZER_NUMBER_OBJECT_CONVERSION = YES_AGGRESSIVE;
				CLANG_CXX_LANGUAGE_STANDARD = "gnu++17";
				CLANG_ENABLE_MODULES = YES;
				CLANG_ENABLE_OBJC_ARC = YES;
				CLANG_ENABLE_OBJC_WEAK = YES;
				CLANG_WARN_BLOCK_CAPTURE_AUTORELEASING = YES;
				CLANG_WARN_BOOL_CONVERSION = YES;
				CLANG_WARN_COMMA = YES;
				CLANG_WARN_CONSTANT_CONVERSION = YES;
				CLANG_WARN_DEPRECATED_OBJC_IMPLEMENTATIONS = YES;
				CLANG_WARN_DIRECT_OBJC_ISA_USAGE = YES_ERROR;
				CLANG_WARN_DOCUMENTATION_COMMENTS = YES;
				CLANG_WARN_EMPTY_BODY = YES;
				CLANG_WARN_ENUM_CONVERSION = YES;
				CLANG_WARN_INFINITE_RECURSION = YES;
				CLANG_WARN_INT_CONVERSION = YES;
				CLANG_WARN_NON_LITERAL_NULL_CONVERSION = YES;
				CLANG_WARN_OBJC_IMPLICIT_RETAIN_SELF = YES;
				CLANG_WARN_OBJC_LITERAL_CONVERSION = YES;
				CLANG_WARN_OBJC_ROOT_CLASS = YES_ERROR;
				CLANG_WARN_QUOTED_INCLUDE_IN_FRAMEWORK_HEADER = YES;
				CLANG_WARN_RANGE_LOOP_ANALYSIS = YES;
				CLANG_WARN_STRICT_PROTOTYPES = YES;
				CLANG_WARN_SUSPICIOUS_MOVE = YES;
				CLANG_WARN_UNGUARDED_AVAILABILITY = YES_AGGRESSIVE;
				CLANG_WARN_UNREACHABLE_CODE = YES;
				CLANG_WARN__DUPLICATE_METHOD_MATCH = YES;
				COPY_PHASE_STRIP = NO;
				DEBUG_INFORMATION_FORMAT = "dwarf-with-dsym";
				ENABLE_NS_ASSERTIONS = NO;
				ENABLE_STRICT_OBJC_MSGSEND = YES;
				GCC_C_LANGUAGE_STANDARD = gnu11;
				GCC_NO_COMMON_BLOCKS = YES;
				GCC_WARN_64_TO_32_BIT_CONVERSION = YES;
				GCC_WARN_ABOUT_RETURN_TYPE = YES_ERROR;
				GCC_WARN_UNDECLARED_SELECTOR = YES;
				GCC_WARN_UNINITIALIZED_AUTOS = YES_AGGRESSIVE;
				GCC_WARN_UNUSED_FUNCTION = YES;
				GCC_WARN_UNUSED_VARIABLE = YES;
				IPHONEOS_DEPLOYMENT_TARGET = 15.5;
				MTL_ENABLE_DEBUG_INFO = NO;
				MTL_FAST_MATH = YES;
				SDKROOT = iphoneos;
				SWIFT_COMPILATION_MODE = wholemodule;
				SWIFT_OPTIMIZATION_LEVEL = "-O";
				VALIDATE_PRODUCT = YES;
			};
			name = Release;
		};
		184D21E129A80E98000EEBEE /* Debug */ = {
			isa = XCBuildConfiguration;
			buildSettings = {
				ASSETCATALOG_COMPILER_APPICON_NAME = AppIcon;
				ASSETCATALOG_COMPILER_GLOBAL_ACCENT_COLOR_NAME = AccentColor;
				CODE_SIGN_STYLE = Automatic;
				CURRENT_PROJECT_VERSION = 1;
				GENERATE_INFOPLIST_FILE = YES;
				INFOPLIST_FILE = "19790601-VishnuGongati-NYCSchools/Info.plist";
				INFOPLIST_KEY_UIApplicationSupportsIndirectInputEvents = YES;
				INFOPLIST_KEY_UILaunchStoryboardName = LaunchScreen;
				INFOPLIST_KEY_UIMainStoryboardFile = Main;
				INFOPLIST_KEY_UISupportedInterfaceOrientations_iPad = "UIInterfaceOrientationPortrait UIInterfaceOrientationPortraitUpsideDown UIInterfaceOrientationLandscapeLeft UIInterfaceOrientationLandscapeRight";
				INFOPLIST_KEY_UISupportedInterfaceOrientations_iPhone = "UIInterfaceOrientationPortrait UIInterfaceOrientationLandscapeLeft UIInterfaceOrientationLandscapeRight";
				LD_RUNPATH_SEARCH_PATHS = (
					"$(inherited)",
					"@executable_path/Frameworks",
				);
				MARKETING_VERSION = 1.0;
				PRODUCT_BUNDLE_IDENTIFIER = "com.sample.vis.-9790601-VishnuGongati-NYCSchools";
				PRODUCT_NAME = "$(TARGET_NAME)";
				SWIFT_EMIT_LOC_STRINGS = YES;
				SWIFT_VERSION = 5.0;
				TARGETED_DEVICE_FAMILY = "1,2";
			};
			name = Debug;
		};
		184D21E229A80E98000EEBEE /* Release */ = {
			isa = XCBuildConfiguration;
			buildSettings = {
				ASSETCATALOG_COMPILER_APPICON_NAME = AppIcon;
				ASSETCATALOG_COMPILER_GLOBAL_ACCENT_COLOR_NAME = AccentColor;
				CODE_SIGN_STYLE = Automatic;
				CURRENT_PROJECT_VERSION = 1;
				GENERATE_INFOPLIST_FILE = YES;
				INFOPLIST_FILE = "19790601-VishnuGongati-NYCSchools/Info.plist";
				INFOPLIST_KEY_UIApplicationSupportsIndirectInputEvents = YES;
				INFOPLIST_KEY_UILaunchStoryboardName = LaunchScreen;
				INFOPLIST_KEY_UIMainStoryboardFile = Main;
				INFOPLIST_KEY_UISupportedInterfaceOrientations_iPad = "UIInterfaceOrientationPortrait UIInterfaceOrientationPortraitUpsideDown UIInterfaceOrientationLandscapeLeft UIInterfaceOrientationLandscapeRight";
				INFOPLIST_KEY_UISupportedInterfaceOrientations_iPhone = "UIInterfaceOrientationPortrait UIInterfaceOrientationLandscapeLeft UIInterfaceOrientationLandscapeRight";
				LD_RUNPATH_SEARCH_PATHS = (
					"$(inherited)",
					"@executable_path/Frameworks",
				);
				MARKETING_VERSION = 1.0;
				PRODUCT_BUNDLE_IDENTIFIER = "com.sample.vis.-9790601-VishnuGongati-NYCSchools";
				PRODUCT_NAME = "$(TARGET_NAME)";
				SWIFT_EMIT_LOC_STRINGS = YES;
				SWIFT_VERSION = 5.0;
				TARGETED_DEVICE_FAMILY = "1,2";
			};
			name = Release;
		};
		184D21E429A80E98000EEBEE /* Debug */ = {
			isa = XCBuildConfiguration;
			buildSettings = {
				ALWAYS_EMBED_SWIFT_STANDARD_LIBRARIES = YES;
				BUNDLE_LOADER = "$(TEST_HOST)";
				CODE_SIGN_STYLE = Automatic;
				CURRENT_PROJECT_VERSION = 1;
				GENERATE_INFOPLIST_FILE = YES;
				IPHONEOS_DEPLOYMENT_TARGET = 15.5;
				MARKETING_VERSION = 1.0;
				PRODUCT_BUNDLE_IDENTIFIER = "com.sample.vis.-9790601-VishnuGongati-NYCSchoolsTests";
				PRODUCT_NAME = "$(TARGET_NAME)";
				SWIFT_EMIT_LOC_STRINGS = NO;
				SWIFT_VERSION = 5.0;
				TARGETED_DEVICE_FAMILY = "1,2";
				TEST_HOST = "$(BUILT_PRODUCTS_DIR)/19790601-VishnuGongati-NYCSchools.app/19790601-VishnuGongati-NYCSchools";
			};
			name = Debug;
		};
		184D21E529A80E98000EEBEE /* Release */ = {
			isa = XCBuildConfiguration;
			buildSettings = {
				ALWAYS_EMBED_SWIFT_STANDARD_LIBRARIES = YES;
				BUNDLE_LOADER = "$(TEST_HOST)";
				CODE_SIGN_STYLE = Automatic;
				CURRENT_PROJECT_VERSION = 1;
				GENERATE_INFOPLIST_FILE = YES;
				IPHONEOS_DEPLOYMENT_TARGET = 15.5;
				MARKETING_VERSION = 1.0;
				PRODUCT_BUNDLE_IDENTIFIER = "com.sample.vis.-9790601-VishnuGongati-NYCSchoolsTests";
				PRODUCT_NAME = "$(TARGET_NAME)";
				SWIFT_EMIT_LOC_STRINGS = NO;
				SWIFT_VERSION = 5.0;
				TARGETED_DEVICE_FAMILY = "1,2";
				TEST_HOST = "$(BUILT_PRODUCTS_DIR)/19790601-VishnuGongati-NYCSchools.app/19790601-VishnuGongati-NYCSchools";
			};
			name = Release;
		};
		184D21E729A80E98000EEBEE /* Debug */ = {
			isa = XCBuildConfiguration;
			buildSettings = {
				ALWAYS_EMBED_SWIFT_STANDARD_LIBRARIES = YES;
				CODE_SIGN_STYLE = Automatic;
				CURRENT_PROJECT_VERSION = 1;
				GENERATE_INFOPLIST_FILE = YES;
				MARKETING_VERSION = 1.0;
				PRODUCT_BUNDLE_IDENTIFIER = "com.sample.vis.-9790601-VishnuGongati-NYCSchoolsUITests";
				PRODUCT_NAME = "$(TARGET_NAME)";
				SWIFT_EMIT_LOC_STRINGS = NO;
				SWIFT_VERSION = 5.0;
				TARGETED_DEVICE_FAMILY = "1,2";
				TEST_TARGET_NAME = "19790601-VishnuGongati-NYCSchools";
			};
			name = Debug;
		};
		184D21E829A80E98000EEBEE /* Release */ = {
			isa = XCBuildConfiguration;
			buildSettings = {
				ALWAYS_EMBED_SWIFT_STANDARD_LIBRARIES = YES;
				CODE_SIGN_STYLE = Automatic;
				CURRENT_PROJECT_VERSION = 1;
				GENERATE_INFOPLIST_FILE = YES;
				MARKETING_VERSION = 1.0;
				PRODUCT_BUNDLE_IDENTIFIER = "com.sample.vis.-9790601-VishnuGongati-NYCSchoolsUITests";
				PRODUCT_NAME = "$(TARGET_NAME)";
				SWIFT_EMIT_LOC_STRINGS = NO;
				SWIFT_VERSION = 5.0;
				TARGETED_DEVICE_FAMILY = "1,2";
				TEST_TARGET_NAME = "19790601-VishnuGongati-NYCSchools";
			};
			name = Release;
		};
/* End XCBuildConfiguration section */

/* Begin XCConfigurationList section */
		184D21B129A80E8E000EEBEE /* Build configuration list for PBXProject "19790601-VishnuGongati-NYCSchools" */ = {
			isa = XCConfigurationList;
			buildConfigurations = (
				184D21DE29A80E98000EEBEE /* Debug */,
				184D21DF29A80E98000EEBEE /* Release */,
			);
			defaultConfigurationIsVisible = 0;
			defaultConfigurationName = Release;
		};
		184D21E029A80E98000EEBEE /* Build configuration list for PBXNativeTarget "19790601-VishnuGongati-NYCSchools" */ = {
			isa = XCConfigurationList;
			buildConfigurations = (
				184D21E129A80E98000EEBEE /* Debug */,
				184D21E229A80E98000EEBEE /* Release */,
			);
			defaultConfigurationIsVisible = 0;
			defaultConfigurationName = Release;
		};
		184D21E329A80E98000EEBEE /* Build configuration list for PBXNativeTarget "19790601-VishnuGongati-NYCSchoolsTests" */ = {
			isa = XCConfigurationList;
			buildConfigurations = (
				184D21E429A80E98000EEBEE /* Debug */,
				184D21E529A80E98000EEBEE /* Release */,
			);
			defaultConfigurationIsVisible = 0;
			defaultConfigurationName = Release;
		};
		184D21E629A80E98000EEBEE /* Build configuration list for PBXNativeTarget "19790601-VishnuGongati-NYCSchoolsUITests" */ = {
			isa = XCConfigurationList;
			buildConfigurations = (
				184D21E729A80E98000EEBEE /* Debug */,
				184D21E829A80E98000EEBEE /* Release */,
			);
			defaultConfigurationIsVisible = 0;
			defaultConfigurationName = Release;
		};
/* End XCConfigurationList section */
	};
	rootObject = 184D21AE29A80E8E000EEBEE /* Project object */;
}
